// !$*UTF8*$!
{
	archiveVersion = 1;
	classes = {
	};
	objectVersion = 52;
	objects = {

/* Begin PBXBuildFile section */
		960D8C6C2529C7BA00AA50F8 /* Kingfisher in Frameworks */ = {isa = PBXBuildFile; productRef = 960D8C6B2529C7BA00AA50F8 /* Kingfisher */; };
		960D8C712529C8C300AA50F8 /* ImageURLFactory.swift in Sources */ = {isa = PBXBuildFile; fileRef = 960D8C702529C8C300AA50F8 /* ImageURLFactory.swift */; };
		960D8C762529C99E00AA50F8 /* RemoteConfigRepository.swift in Sources */ = {isa = PBXBuildFile; fileRef = 960D8C752529C99E00AA50F8 /* RemoteConfigRepository.swift */; };
		960D8C7B2529C9FC00AA50F8 /* Configuration.swift in Sources */ = {isa = PBXBuildFile; fileRef = 960D8C7A2529C9FC00AA50F8 /* Configuration.swift */; };
		960D8C802529CA4200AA50F8 /* Images.swift in Sources */ = {isa = PBXBuildFile; fileRef = 960D8C7F2529CA4200AA50F8 /* Images.swift */; };
		960D8C8A2529D53800AA50F8 /* DefaultImageURLFactoryTests.swift in Sources */ = {isa = PBXBuildFile; fileRef = 960D8C892529D53800AA50F8 /* DefaultImageURLFactoryTests.swift */; };
		960D8C8F2529D56900AA50F8 /* SpyRemoteConfigRepository.swift in Sources */ = {isa = PBXBuildFile; fileRef = 960D8C8E2529D56900AA50F8 /* SpyRemoteConfigRepository.swift */; };
		960D8C972529DFF400AA50F8 /* Coordinator.swift in Sources */ = {isa = PBXBuildFile; fileRef = 960D8C962529DFF400AA50F8 /* Coordinator.swift */; };
		960D8C9C2529E03200AA50F8 /* AppCoordinator.swift in Sources */ = {isa = PBXBuildFile; fileRef = 960D8C9B2529E03200AA50F8 /* AppCoordinator.swift */; };
		961510B6252A5FD9009C2C11 /* SpyMoviesListPresentable.swift in Sources */ = {isa = PBXBuildFile; fileRef = 961510B5252A5FD9009C2C11 /* SpyMoviesListPresentable.swift */; };
		961510BB252A6371009C2C11 /* MovieDetailViewController.xib in Resources */ = {isa = PBXBuildFile; fileRef = 961510BA252A6371009C2C11 /* MovieDetailViewController.xib */; };
		961510C3252A6DBF009C2C11 /* MovieDetailCoordinator.swift in Sources */ = {isa = PBXBuildFile; fileRef = 961510C2252A6DBF009C2C11 /* MovieDetailCoordinator.swift */; };
		961510C9252A6E09009C2C11 /* WKWebViewController.swift in Sources */ = {isa = PBXBuildFile; fileRef = 961510C8252A6E09009C2C11 /* WKWebViewController.swift */; };
		96240198252A075B009E92AD /* MovieCoordinator.swift in Sources */ = {isa = PBXBuildFile; fileRef = 96240197252A075B009E92AD /* MovieCoordinator.swift */; };
		9624019E252A087F009E92AD /* MovieDetailViewController.swift in Sources */ = {isa = PBXBuildFile; fileRef = 9624019D252A087F009E92AD /* MovieDetailViewController.swift */; };
		962401A3252A0912009E92AD /* DefaultMovieDetailViewModel.swift in Sources */ = {isa = PBXBuildFile; fileRef = 962401A2252A0912009E92AD /* DefaultMovieDetailViewModel.swift */; };
		962401A9252A0D37009E92AD /* PopularMoviesListViewModel.swift in Sources */ = {isa = PBXBuildFile; fileRef = 962401A8252A0D37009E92AD /* PopularMoviesListViewModel.swift */; };
		962401B1252A1895009E92AD /* ResponseErrorMiddleware.swift in Sources */ = {isa = PBXBuildFile; fileRef = 962401B0252A1895009E92AD /* ResponseErrorMiddleware.swift */; };
		962401B6252A18A7009E92AD /* ResponseError.swift in Sources */ = {isa = PBXBuildFile; fileRef = 962401B5252A18A7009E92AD /* ResponseError.swift */; };
		962853CC2529076C008E9A50 /* Networking in Frameworks */ = {isa = PBXBuildFile; productRef = 962853CB2529076C008E9A50 /* Networking */; };
		962853D225290799008E9A50 /* Middleware+DefaultValue.swift in Sources */ = {isa = PBXBuildFile; fileRef = 962853D125290799008E9A50 /* Middleware+DefaultValue.swift */; };
		962853DA2529097A008E9A50 /* LocalizationMiddleware.swift in Sources */ = {isa = PBXBuildFile; fileRef = 962853D92529097A008E9A50 /* LocalizationMiddleware.swift */; };
		9637C13A252A1E6C00D94855 /* ResponseErrorMiddlewareTests.swift in Sources */ = {isa = PBXBuildFile; fileRef = 9637C139252A1E6C00D94855 /* ResponseErrorMiddlewareTests.swift */; };
		9637C13F252A3D5300D94855 /* NumberFormatter+Decimal.swift in Sources */ = {isa = PBXBuildFile; fileRef = 9637C13E252A3D5300D94855 /* NumberFormatter+Decimal.swift */; };
		9637C14C252A494F00D94855 /* ResponseErrorTests.swift in Sources */ = {isa = PBXBuildFile; fileRef = 9637C14B252A494F00D94855 /* ResponseErrorTests.swift */; };
		9637C162252A57EC00D94855 /* MoviesListPresentable.swift in Sources */ = {isa = PBXBuildFile; fileRef = 9637C161252A57EC00D94855 /* MoviesListPresentable.swift */; };
		9637C16D252A592900D94855 /* PopularMoviesListViewModelTests.swift in Sources */ = {isa = PBXBuildFile; fileRef = 9637C16C252A592900D94855 /* PopularMoviesListViewModelTests.swift */; };
		9637C172252A596300D94855 /* SpyMovieRepository.swift in Sources */ = {isa = PBXBuildFile; fileRef = 9637C171252A596300D94855 /* SpyMovieRepository.swift */; };
		963CABEA252798A1008E6D79 /* XCAssets+Generated.swift in Sources */ = {isa = PBXBuildFile; fileRef = 963CABE7252798A1008E6D79 /* XCAssets+Generated.swift */; };
		963CABEB252798A1008E6D79 /* IB-Segues+Generated.swift in Sources */ = {isa = PBXBuildFile; fileRef = 963CABE8252798A1008E6D79 /* IB-Segues+Generated.swift */; };
		963CABEC252798A1008E6D79 /* IB-Scenes+Generated.swift in Sources */ = {isa = PBXBuildFile; fileRef = 963CABE9252798A1008E6D79 /* IB-Scenes+Generated.swift */; };
		963CAC4925279FE3008E6D79 /* Loadable.swift in Sources */ = {isa = PBXBuildFile; fileRef = 963CAC4825279FE3008E6D79 /* Loadable.swift */; };
		963CAC532527A112008E6D79 /* Emptiable.swift in Sources */ = {isa = PBXBuildFile; fileRef = 963CAC522527A112008E6D79 /* Emptiable.swift */; };
		963CAC5B2527A177008E6D79 /* StateMachine.swift in Sources */ = {isa = PBXBuildFile; fileRef = 963CAC5A2527A177008E6D79 /* StateMachine.swift */; };
		963CAC632527A242008E6D79 /* StateMachineViewProvider.swift in Sources */ = {isa = PBXBuildFile; fileRef = 963CAC622527A242008E6D79 /* StateMachineViewProvider.swift */; };
		96720577252B3D4B00DB113E /* MovieTests.swift in Sources */ = {isa = PBXBuildFile; fileRef = 96720576252B3D4B00DB113E /* MovieTests.swift */; };
		9672057C252B3E4400DB113E /* DecimalNumberFormatterTests.swift in Sources */ = {isa = PBXBuildFile; fileRef = 9672057B252B3E4400DB113E /* DecimalNumberFormatterTests.swift */; };
		96720584252B3FF900DB113E /* MovieDetailCoordinatorTests.swift in Sources */ = {isa = PBXBuildFile; fileRef = 96720583252B3FF900DB113E /* MovieDetailCoordinatorTests.swift */; };
		96720589252B402700DB113E /* MockMovieDetailCoordinator.swift in Sources */ = {isa = PBXBuildFile; fileRef = 96720588252B402700DB113E /* MockMovieDetailCoordinator.swift */; };
		9672058E252B42A200DB113E /* DefaultMovieRepositoryEndpointTests.swift in Sources */ = {isa = PBXBuildFile; fileRef = 9672058D252B42A200DB113E /* DefaultMovieRepositoryEndpointTests.swift */; };
		96720596252B43BB00DB113E /* DefaultRemoteConfigRepositoryTests.swift in Sources */ = {isa = PBXBuildFile; fileRef = 96720595252B43BB00DB113E /* DefaultRemoteConfigRepositoryTests.swift */; };
		9672059B252B43D700DB113E /* DefaultRemoteConfigRepositoryAPIEndpointTests.swift in Sources */ = {isa = PBXBuildFile; fileRef = 9672059A252B43D700DB113E /* DefaultRemoteConfigRepositoryAPIEndpointTests.swift */; };
		9678FAD6252857C600ADB3A5 /* LoadableTests.swift in Sources */ = {isa = PBXBuildFile; fileRef = 9678FAD5252857C600ADB3A5 /* LoadableTests.swift */; };
		9678FADC2528590400ADB3A5 /* StubError.swift in Sources */ = {isa = PBXBuildFile; fileRef = 9678FADB2528590400ADB3A5 /* StubError.swift */; };
		9678FAEC25285DE500ADB3A5 /* StatefulView.swift in Sources */ = {isa = PBXBuildFile; fileRef = 9678FAEB25285DE500ADB3A5 /* StatefulView.swift */; };
		967AA3AC2528BF4000DEB8C1 /* Natrium.swift in Sources */ = {isa = PBXBuildFile; fileRef = 967AA3AB2528BF4000DEB8C1 /* Natrium.swift */; };
		967AA3B52528D32E00DEB8C1 /* MovieRepository.swift in Sources */ = {isa = PBXBuildFile; fileRef = 967AA3B42528D32E00DEB8C1 /* MovieRepository.swift */; };
		967AA3BB2528D8BE00DEB8C1 /* Movie.swift in Sources */ = {isa = PBXBuildFile; fileRef = 967AA3BA2528D8BE00DEB8C1 /* Movie.swift */; };
		968A7FED2529923F0033E412 /* Endpoint+DefaultHeaders.swift in Sources */ = {isa = PBXBuildFile; fileRef = 968A7FEC2529923F0033E412 /* Endpoint+DefaultHeaders.swift */; };
		968A7FF22529925C0033E412 /* DefaultURLRequestFactory+DefaultValue.swift in Sources */ = {isa = PBXBuildFile; fileRef = 968A7FF12529925C0033E412 /* DefaultURLRequestFactory+DefaultValue.swift */; };
		968A7FF72529928C0033E412 /* DefaultAuthorizationMiddleware+DefaultValue.swift in Sources */ = {isa = PBXBuildFile; fileRef = 968A7FF62529928C0033E412 /* DefaultAuthorizationMiddleware+DefaultValue.swift */; };
		968A80022529930B0033E412 /* StubEndpoint.swift in Sources */ = {isa = PBXBuildFile; fileRef = 968A80012529930B0033E412 /* StubEndpoint.swift */; };
		968A800A2529939C0033E412 /* DefaultURLRequestFactoryTests.swift in Sources */ = {isa = PBXBuildFile; fileRef = 968A80092529939C0033E412 /* DefaultURLRequestFactoryTests.swift */; };
		968A800F252994F00033E412 /* LocalizationMiddlewareTests.swift in Sources */ = {isa = PBXBuildFile; fileRef = 968A800E252994F00033E412 /* LocalizationMiddlewareTests.swift */; };
		968A801425299B5C0033E412 /* DefaultAuthorizationMiddlewareTests.swift in Sources */ = {isa = PBXBuildFile; fileRef = 968A801325299B5C0033E412 /* DefaultAuthorizationMiddlewareTests.swift */; };
		968A801925299C4A0033E412 /* DefaultMiddlewaresTests.swift in Sources */ = {isa = PBXBuildFile; fileRef = 968A801825299C4A0033E412 /* DefaultMiddlewaresTests.swift */; };
		968A802125299CD30033E412 /* PaginationResponse.swift in Sources */ = {isa = PBXBuildFile; fileRef = 968A802025299CD30033E412 /* PaginationResponse.swift */; };
		968A802625299F0B0033E412 /* DefaultMovieRepositoryTests.swift in Sources */ = {isa = PBXBuildFile; fileRef = 968A802525299F0B0033E412 /* DefaultMovieRepositoryTests.swift */; };
		968A802B2529A0530033E412 /* SpyMiddleware.swift in Sources */ = {isa = PBXBuildFile; fileRef = 968A802A2529A0530033E412 /* SpyMiddleware.swift */; };
		968A80332529A0780033E412 /* SpyURLRequestFactory.swift in Sources */ = {isa = PBXBuildFile; fileRef = 968A80322529A0780033E412 /* SpyURLRequestFactory.swift */; };
		968A80382529A3770033E412 /* URLSession+Stubbed.swift in Sources */ = {isa = PBXBuildFile; fileRef = 968A80372529A3770033E412 /* URLSession+Stubbed.swift */; };
		968A803E2529A3AD0033E412 /* StubbedURLProtocol.swift in Sources */ = {isa = PBXBuildFile; fileRef = 968A803D2529A3AD0033E412 /* StubbedURLProtocol.swift */; };
		968A804B2529AD550033E412 /* MoviesListViewController.swift in Sources */ = {isa = PBXBuildFile; fileRef = 968A80492529AD550033E412 /* MoviesListViewController.swift */; };
		968A805C2529B0EA0033E412 /* AnyStateMachine.swift in Sources */ = {isa = PBXBuildFile; fileRef = 968A805B2529B0EA0033E412 /* AnyStateMachine.swift */; };
		968A80652529B4EB0033E412 /* MovieTableViewCell.swift in Sources */ = {isa = PBXBuildFile; fileRef = 968A80632529B4EB0033E412 /* MovieTableViewCell.swift */; };
		968A80662529B4EB0033E412 /* MovieTableViewCell.xib in Resources */ = {isa = PBXBuildFile; fileRef = 968A80642529B4EB0033E412 /* MovieTableViewCell.xib */; };
		968A806C2529B6860033E412 /* Reusable in Frameworks */ = {isa = PBXBuildFile; productRef = 968A806B2529B6860033E412 /* Reusable */; };
		9695480225278C1F009A67DE /* AppDelegate.swift in Sources */ = {isa = PBXBuildFile; fileRef = 9695480125278C1F009A67DE /* AppDelegate.swift */; };
		9695480425278C1F009A67DE /* SceneDelegate.swift in Sources */ = {isa = PBXBuildFile; fileRef = 9695480325278C1F009A67DE /* SceneDelegate.swift */; };
		9695480925278C1F009A67DE /* Main.storyboard in Resources */ = {isa = PBXBuildFile; fileRef = 9695480725278C1F009A67DE /* Main.storyboard */; };
		9695480B25278C20009A67DE /* Assets.xcassets in Resources */ = {isa = PBXBuildFile; fileRef = 9695480A25278C20009A67DE /* Assets.xcassets */; };
		9695480E25278C20009A67DE /* LaunchScreen.storyboard in Resources */ = {isa = PBXBuildFile; fileRef = 9695480C25278C20009A67DE /* LaunchScreen.storyboard */; };
		9695481925278C20009A67DE /* MovieableTests.swift in Sources */ = {isa = PBXBuildFile; fileRef = 9695481825278C20009A67DE /* MovieableTests.swift */; };
		9695482425278C20009A67DE /* MovieableUITests.swift in Sources */ = {isa = PBXBuildFile; fileRef = 9695482325278C20009A67DE /* MovieableUITests.swift */; };
		969BC5CE25289FFC00736D0F /* StateMachineTests.swift in Sources */ = {isa = PBXBuildFile; fileRef = 969BC5CD25289FFC00736D0F /* StateMachineTests.swift */; };
		969BC5D32528A04600736D0F /* SpyStateMachineViewProvider.swift in Sources */ = {isa = PBXBuildFile; fileRef = 969BC5D22528A04600736D0F /* SpyStateMachineViewProvider.swift */; };
		96B6D6EC2528B170003CA4D7 /* StatefulViewTests.swift in Sources */ = {isa = PBXBuildFile; fileRef = 96B6D6EB2528B170003CA4D7 /* StatefulViewTests.swift */; };
		96FA05C825298E1300C8D0A4 /* DefaultEndpointHeaderTests.swift in Sources */ = {isa = PBXBuildFile; fileRef = 96FA05C725298E1300C8D0A4 /* DefaultEndpointHeaderTests.swift */; };
/* End PBXBuildFile section */

/* Begin PBXContainerItemProxy section */
		9695481525278C20009A67DE /* PBXContainerItemProxy */ = {
			isa = PBXContainerItemProxy;
			containerPortal = 969547F625278C1F009A67DE /* Project object */;
			proxyType = 1;
			remoteGlobalIDString = 969547FD25278C1F009A67DE;
			remoteInfo = Movieable;
		};
		9695482025278C20009A67DE /* PBXContainerItemProxy */ = {
			isa = PBXContainerItemProxy;
			containerPortal = 969547F625278C1F009A67DE /* Project object */;
			proxyType = 1;
			remoteGlobalIDString = 969547FD25278C1F009A67DE;
			remoteInfo = Movieable;
		};
/* End PBXContainerItemProxy section */

/* Begin PBXFileReference section */
		960D8C702529C8C300AA50F8 /* ImageURLFactory.swift */ = {isa = PBXFileReference; lastKnownFileType = sourcecode.swift; path = ImageURLFactory.swift; sourceTree = "<group>"; };
		960D8C752529C99E00AA50F8 /* RemoteConfigRepository.swift */ = {isa = PBXFileReference; lastKnownFileType = sourcecode.swift; path = RemoteConfigRepository.swift; sourceTree = "<group>"; };
		960D8C7A2529C9FC00AA50F8 /* Configuration.swift */ = {isa = PBXFileReference; lastKnownFileType = sourcecode.swift; path = Configuration.swift; sourceTree = "<group>"; };
		960D8C7F2529CA4200AA50F8 /* Images.swift */ = {isa = PBXFileReference; lastKnownFileType = sourcecode.swift; path = Images.swift; sourceTree = "<group>"; };
		960D8C892529D53800AA50F8 /* DefaultImageURLFactoryTests.swift */ = {isa = PBXFileReference; lastKnownFileType = sourcecode.swift; path = DefaultImageURLFactoryTests.swift; sourceTree = "<group>"; };
		960D8C8E2529D56900AA50F8 /* SpyRemoteConfigRepository.swift */ = {isa = PBXFileReference; lastKnownFileType = sourcecode.swift; path = SpyRemoteConfigRepository.swift; sourceTree = "<group>"; };
		960D8C962529DFF400AA50F8 /* Coordinator.swift */ = {isa = PBXFileReference; lastKnownFileType = sourcecode.swift; path = Coordinator.swift; sourceTree = "<group>"; };
		960D8C9B2529E03200AA50F8 /* AppCoordinator.swift */ = {isa = PBXFileReference; lastKnownFileType = sourcecode.swift; path = AppCoordinator.swift; sourceTree = "<group>"; };
		961510B5252A5FD9009C2C11 /* SpyMoviesListPresentable.swift */ = {isa = PBXFileReference; lastKnownFileType = sourcecode.swift; path = SpyMoviesListPresentable.swift; sourceTree = "<group>"; };
		961510BA252A6371009C2C11 /* MovieDetailViewController.xib */ = {isa = PBXFileReference; lastKnownFileType = file.xib; path = MovieDetailViewController.xib; sourceTree = "<group>"; };
		961510C2252A6DBF009C2C11 /* MovieDetailCoordinator.swift */ = {isa = PBXFileReference; lastKnownFileType = sourcecode.swift; path = MovieDetailCoordinator.swift; sourceTree = "<group>"; };
		961510C8252A6E09009C2C11 /* WKWebViewController.swift */ = {isa = PBXFileReference; lastKnownFileType = sourcecode.swift; path = WKWebViewController.swift; sourceTree = "<group>"; };
		96240197252A075B009E92AD /* MovieCoordinator.swift */ = {isa = PBXFileReference; lastKnownFileType = sourcecode.swift; path = MovieCoordinator.swift; sourceTree = "<group>"; };
		9624019D252A087F009E92AD /* MovieDetailViewController.swift */ = {isa = PBXFileReference; lastKnownFileType = sourcecode.swift; path = MovieDetailViewController.swift; sourceTree = "<group>"; };
		962401A2252A0912009E92AD /* DefaultMovieDetailViewModel.swift */ = {isa = PBXFileReference; lastKnownFileType = sourcecode.swift; path = DefaultMovieDetailViewModel.swift; sourceTree = "<group>"; };
		962401A8252A0D37009E92AD /* PopularMoviesListViewModel.swift */ = {isa = PBXFileReference; lastKnownFileType = sourcecode.swift; path = PopularMoviesListViewModel.swift; sourceTree = "<group>"; };
		962401B0252A1895009E92AD /* ResponseErrorMiddleware.swift */ = {isa = PBXFileReference; lastKnownFileType = sourcecode.swift; path = ResponseErrorMiddleware.swift; sourceTree = "<group>"; };
		962401B5252A18A7009E92AD /* ResponseError.swift */ = {isa = PBXFileReference; lastKnownFileType = sourcecode.swift; path = ResponseError.swift; sourceTree = "<group>"; };
		962853D125290799008E9A50 /* Middleware+DefaultValue.swift */ = {isa = PBXFileReference; lastKnownFileType = sourcecode.swift; path = "Middleware+DefaultValue.swift"; sourceTree = "<group>"; };
		962853D92529097A008E9A50 /* LocalizationMiddleware.swift */ = {isa = PBXFileReference; lastKnownFileType = sourcecode.swift; path = LocalizationMiddleware.swift; sourceTree = "<group>"; };
		9637C139252A1E6C00D94855 /* ResponseErrorMiddlewareTests.swift */ = {isa = PBXFileReference; lastKnownFileType = sourcecode.swift; path = ResponseErrorMiddlewareTests.swift; sourceTree = "<group>"; };
		9637C13E252A3D5300D94855 /* NumberFormatter+Decimal.swift */ = {isa = PBXFileReference; lastKnownFileType = sourcecode.swift; path = "NumberFormatter+Decimal.swift"; sourceTree = "<group>"; };
		9637C14B252A494F00D94855 /* ResponseErrorTests.swift */ = {isa = PBXFileReference; lastKnownFileType = sourcecode.swift; path = ResponseErrorTests.swift; sourceTree = "<group>"; };
		9637C161252A57EC00D94855 /* MoviesListPresentable.swift */ = {isa = PBXFileReference; lastKnownFileType = sourcecode.swift; path = MoviesListPresentable.swift; sourceTree = "<group>"; };
		9637C16C252A592900D94855 /* PopularMoviesListViewModelTests.swift */ = {isa = PBXFileReference; lastKnownFileType = sourcecode.swift; path = PopularMoviesListViewModelTests.swift; sourceTree = "<group>"; };
		9637C171252A596300D94855 /* SpyMovieRepository.swift */ = {isa = PBXFileReference; lastKnownFileType = sourcecode.swift; path = SpyMovieRepository.swift; sourceTree = "<group>"; };
		963CABE7252798A1008E6D79 /* XCAssets+Generated.swift */ = {isa = PBXFileReference; fileEncoding = 4; lastKnownFileType = sourcecode.swift; path = "XCAssets+Generated.swift"; sourceTree = "<group>"; };
		963CABE8252798A1008E6D79 /* IB-Segues+Generated.swift */ = {isa = PBXFileReference; fileEncoding = 4; lastKnownFileType = sourcecode.swift; path = "IB-Segues+Generated.swift"; sourceTree = "<group>"; };
		963CABE9252798A1008E6D79 /* IB-Scenes+Generated.swift */ = {isa = PBXFileReference; fileEncoding = 4; lastKnownFileType = sourcecode.swift; path = "IB-Scenes+Generated.swift"; sourceTree = "<group>"; };
		963CAC4825279FE3008E6D79 /* Loadable.swift */ = {isa = PBXFileReference; lastKnownFileType = sourcecode.swift; path = Loadable.swift; sourceTree = "<group>"; };
		963CAC522527A112008E6D79 /* Emptiable.swift */ = {isa = PBXFileReference; lastKnownFileType = sourcecode.swift; path = Emptiable.swift; sourceTree = "<group>"; };
		963CAC5A2527A177008E6D79 /* StateMachine.swift */ = {isa = PBXFileReference; lastKnownFileType = sourcecode.swift; path = StateMachine.swift; sourceTree = "<group>"; };
		963CAC622527A242008E6D79 /* StateMachineViewProvider.swift */ = {isa = PBXFileReference; lastKnownFileType = sourcecode.swift; path = StateMachineViewProvider.swift; sourceTree = "<group>"; };
		96720576252B3D4B00DB113E /* MovieTests.swift */ = {isa = PBXFileReference; lastKnownFileType = sourcecode.swift; path = MovieTests.swift; sourceTree = "<group>"; };
		9672057B252B3E4400DB113E /* DecimalNumberFormatterTests.swift */ = {isa = PBXFileReference; lastKnownFileType = sourcecode.swift; path = DecimalNumberFormatterTests.swift; sourceTree = "<group>"; };
		96720583252B3FF900DB113E /* MovieDetailCoordinatorTests.swift */ = {isa = PBXFileReference; lastKnownFileType = sourcecode.swift; path = MovieDetailCoordinatorTests.swift; sourceTree = "<group>"; };
		96720588252B402700DB113E /* MockMovieDetailCoordinator.swift */ = {isa = PBXFileReference; lastKnownFileType = sourcecode.swift; path = MockMovieDetailCoordinator.swift; sourceTree = "<group>"; };
		9672058D252B42A200DB113E /* DefaultMovieRepositoryEndpointTests.swift */ = {isa = PBXFileReference; lastKnownFileType = sourcecode.swift; path = DefaultMovieRepositoryEndpointTests.swift; sourceTree = "<group>"; };
		96720595252B43BB00DB113E /* DefaultRemoteConfigRepositoryTests.swift */ = {isa = PBXFileReference; lastKnownFileType = sourcecode.swift; path = DefaultRemoteConfigRepositoryTests.swift; sourceTree = "<group>"; };
		9672059A252B43D700DB113E /* DefaultRemoteConfigRepositoryAPIEndpointTests.swift */ = {isa = PBXFileReference; lastKnownFileType = sourcecode.swift; path = DefaultRemoteConfigRepositoryAPIEndpointTests.swift; sourceTree = "<group>"; };
		9678FAD5252857C600ADB3A5 /* LoadableTests.swift */ = {isa = PBXFileReference; lastKnownFileType = sourcecode.swift; path = LoadableTests.swift; sourceTree = "<group>"; };
		9678FADB2528590400ADB3A5 /* StubError.swift */ = {isa = PBXFileReference; lastKnownFileType = sourcecode.swift; path = StubError.swift; sourceTree = "<group>"; };
		9678FAEB25285DE500ADB3A5 /* StatefulView.swift */ = {isa = PBXFileReference; lastKnownFileType = sourcecode.swift; path = StatefulView.swift; sourceTree = "<group>"; };
		967AA3AB2528BF4000DEB8C1 /* Natrium.swift */ = {isa = PBXFileReference; fileEncoding = 4; lastKnownFileType = sourcecode.swift; name = Natrium.swift; path = .natrium/Natrium.swift; sourceTree = SOURCE_ROOT; };
		967AA3B42528D32E00DEB8C1 /* MovieRepository.swift */ = {isa = PBXFileReference; lastKnownFileType = sourcecode.swift; path = MovieRepository.swift; sourceTree = "<group>"; };
		967AA3BA2528D8BE00DEB8C1 /* Movie.swift */ = {isa = PBXFileReference; lastKnownFileType = sourcecode.swift; path = Movie.swift; sourceTree = "<group>"; };
		968A7FEC2529923F0033E412 /* Endpoint+DefaultHeaders.swift */ = {isa = PBXFileReference; lastKnownFileType = sourcecode.swift; path = "Endpoint+DefaultHeaders.swift"; sourceTree = "<group>"; };
		968A7FF12529925C0033E412 /* DefaultURLRequestFactory+DefaultValue.swift */ = {isa = PBXFileReference; lastKnownFileType = sourcecode.swift; path = "DefaultURLRequestFactory+DefaultValue.swift"; sourceTree = "<group>"; };
		968A7FF62529928C0033E412 /* DefaultAuthorizationMiddleware+DefaultValue.swift */ = {isa = PBXFileReference; lastKnownFileType = sourcecode.swift; path = "DefaultAuthorizationMiddleware+DefaultValue.swift"; sourceTree = "<group>"; };
		968A80012529930B0033E412 /* StubEndpoint.swift */ = {isa = PBXFileReference; lastKnownFileType = sourcecode.swift; path = StubEndpoint.swift; sourceTree = "<group>"; };
		968A80092529939C0033E412 /* DefaultURLRequestFactoryTests.swift */ = {isa = PBXFileReference; lastKnownFileType = sourcecode.swift; path = DefaultURLRequestFactoryTests.swift; sourceTree = "<group>"; };
		968A800E252994F00033E412 /* LocalizationMiddlewareTests.swift */ = {isa = PBXFileReference; lastKnownFileType = sourcecode.swift; path = LocalizationMiddlewareTests.swift; sourceTree = "<group>"; };
		968A801325299B5C0033E412 /* DefaultAuthorizationMiddlewareTests.swift */ = {isa = PBXFileReference; lastKnownFileType = sourcecode.swift; path = DefaultAuthorizationMiddlewareTests.swift; sourceTree = "<group>"; };
		968A801825299C4A0033E412 /* DefaultMiddlewaresTests.swift */ = {isa = PBXFileReference; lastKnownFileType = sourcecode.swift; path = DefaultMiddlewaresTests.swift; sourceTree = "<group>"; };
		968A802025299CD30033E412 /* PaginationResponse.swift */ = {isa = PBXFileReference; lastKnownFileType = sourcecode.swift; path = PaginationResponse.swift; sourceTree = "<group>"; };
		968A802525299F0B0033E412 /* DefaultMovieRepositoryTests.swift */ = {isa = PBXFileReference; lastKnownFileType = sourcecode.swift; path = DefaultMovieRepositoryTests.swift; sourceTree = "<group>"; };
		968A802A2529A0530033E412 /* SpyMiddleware.swift */ = {isa = PBXFileReference; lastKnownFileType = sourcecode.swift; path = SpyMiddleware.swift; sourceTree = "<group>"; };
		968A80322529A0780033E412 /* SpyURLRequestFactory.swift */ = {isa = PBXFileReference; lastKnownFileType = sourcecode.swift; path = SpyURLRequestFactory.swift; sourceTree = "<group>"; };
		968A80372529A3770033E412 /* URLSession+Stubbed.swift */ = {isa = PBXFileReference; lastKnownFileType = sourcecode.swift; path = "URLSession+Stubbed.swift"; sourceTree = "<group>"; };
		968A803D2529A3AD0033E412 /* StubbedURLProtocol.swift */ = {isa = PBXFileReference; lastKnownFileType = sourcecode.swift; path = StubbedURLProtocol.swift; sourceTree = "<group>"; };
		968A80492529AD550033E412 /* MoviesListViewController.swift */ = {isa = PBXFileReference; lastKnownFileType = sourcecode.swift; path = MoviesListViewController.swift; sourceTree = "<group>"; };
		968A805B2529B0EA0033E412 /* AnyStateMachine.swift */ = {isa = PBXFileReference; lastKnownFileType = sourcecode.swift; path = AnyStateMachine.swift; sourceTree = "<group>"; };
		968A80632529B4EB0033E412 /* MovieTableViewCell.swift */ = {isa = PBXFileReference; lastKnownFileType = sourcecode.swift; path = MovieTableViewCell.swift; sourceTree = "<group>"; };
		968A80642529B4EB0033E412 /* MovieTableViewCell.xib */ = {isa = PBXFileReference; lastKnownFileType = file.xib; path = MovieTableViewCell.xib; sourceTree = "<group>"; };
		969547FE25278C1F009A67DE /* Movieable.app */ = {isa = PBXFileReference; explicitFileType = wrapper.application; includeInIndex = 0; path = Movieable.app; sourceTree = BUILT_PRODUCTS_DIR; };
		9695480125278C1F009A67DE /* AppDelegate.swift */ = {isa = PBXFileReference; lastKnownFileType = sourcecode.swift; path = AppDelegate.swift; sourceTree = "<group>"; };
		9695480325278C1F009A67DE /* SceneDelegate.swift */ = {isa = PBXFileReference; lastKnownFileType = sourcecode.swift; path = SceneDelegate.swift; sourceTree = "<group>"; };
		9695480825278C1F009A67DE /* Base */ = {isa = PBXFileReference; lastKnownFileType = file.storyboard; name = Base; path = Base.lproj/Main.storyboard; sourceTree = "<group>"; };
		9695480A25278C20009A67DE /* Assets.xcassets */ = {isa = PBXFileReference; lastKnownFileType = folder.assetcatalog; path = Assets.xcassets; sourceTree = "<group>"; };
		9695480D25278C20009A67DE /* Base */ = {isa = PBXFileReference; lastKnownFileType = file.storyboard; name = Base; path = Base.lproj/LaunchScreen.storyboard; sourceTree = "<group>"; };
		9695480F25278C20009A67DE /* Info.plist */ = {isa = PBXFileReference; lastKnownFileType = text.plist.xml; path = Info.plist; sourceTree = "<group>"; };
		9695481425278C20009A67DE /* MovieableTests.xctest */ = {isa = PBXFileReference; explicitFileType = wrapper.cfbundle; includeInIndex = 0; path = MovieableTests.xctest; sourceTree = BUILT_PRODUCTS_DIR; };
		9695481825278C20009A67DE /* MovieableTests.swift */ = {isa = PBXFileReference; lastKnownFileType = sourcecode.swift; path = MovieableTests.swift; sourceTree = "<group>"; };
		9695481A25278C20009A67DE /* Info.plist */ = {isa = PBXFileReference; lastKnownFileType = text.plist.xml; path = Info.plist; sourceTree = "<group>"; };
		9695481F25278C20009A67DE /* MovieableUITests.xctest */ = {isa = PBXFileReference; explicitFileType = wrapper.cfbundle; includeInIndex = 0; path = MovieableUITests.xctest; sourceTree = BUILT_PRODUCTS_DIR; };
		9695482325278C20009A67DE /* MovieableUITests.swift */ = {isa = PBXFileReference; lastKnownFileType = sourcecode.swift; path = MovieableUITests.swift; sourceTree = "<group>"; };
		9695482525278C20009A67DE /* Info.plist */ = {isa = PBXFileReference; lastKnownFileType = text.plist.xml; path = Info.plist; sourceTree = "<group>"; };
		9695483D25278D38009A67DE /* Movieable.xctestplan */ = {isa = PBXFileReference; lastKnownFileType = text; path = Movieable.xctestplan; sourceTree = "<group>"; };
		969BC5CD25289FFC00736D0F /* StateMachineTests.swift */ = {isa = PBXFileReference; lastKnownFileType = sourcecode.swift; path = StateMachineTests.swift; sourceTree = "<group>"; };
		969BC5D22528A04600736D0F /* SpyStateMachineViewProvider.swift */ = {isa = PBXFileReference; lastKnownFileType = sourcecode.swift; path = SpyStateMachineViewProvider.swift; sourceTree = "<group>"; };
		96B6D6EB2528B170003CA4D7 /* StatefulViewTests.swift */ = {isa = PBXFileReference; lastKnownFileType = sourcecode.swift; path = StatefulViewTests.swift; sourceTree = "<group>"; };
		96FA05C725298E1300C8D0A4 /* DefaultEndpointHeaderTests.swift */ = {isa = PBXFileReference; lastKnownFileType = sourcecode.swift; path = DefaultEndpointHeaderTests.swift; sourceTree = "<group>"; };
/* End PBXFileReference section */

/* Begin PBXFrameworksBuildPhase section */
		969547FB25278C1F009A67DE /* Frameworks */ = {
			isa = PBXFrameworksBuildPhase;
			buildActionMask = 2147483647;
			files = (
				960D8C6C2529C7BA00AA50F8 /* Kingfisher in Frameworks */,
				962853CC2529076C008E9A50 /* Networking in Frameworks */,
				968A806C2529B6860033E412 /* Reusable in Frameworks */,
			);
			runOnlyForDeploymentPostprocessing = 0;
		};
		9695481125278C20009A67DE /* Frameworks */ = {
			isa = PBXFrameworksBuildPhase;
			buildActionMask = 2147483647;
			files = (
			);
			runOnlyForDeploymentPostprocessing = 0;
		};
		9695481C25278C20009A67DE /* Frameworks */ = {
			isa = PBXFrameworksBuildPhase;
			buildActionMask = 2147483647;
			files = (
			);
			runOnlyForDeploymentPostprocessing = 0;
		};
/* End PBXFrameworksBuildPhase section */

/* Begin PBXGroup section */
		9624019C252A083A009E92AD /* MovieDetail */ = {
			isa = PBXGroup;
			children = (
				962401A2252A0912009E92AD /* DefaultMovieDetailViewModel.swift */,
				9624019D252A087F009E92AD /* MovieDetailViewController.swift */,
				961510BA252A6371009C2C11 /* MovieDetailViewController.xib */,
				961510C2252A6DBF009C2C11 /* MovieDetailCoordinator.swift */,
			);
			path = MovieDetail;
			sourceTree = "<group>";
		};
		962853D02529078B008E9A50 /* Extension */ = {
			isa = PBXGroup;
			children = (
				968A7FF62529928C0033E412 /* DefaultAuthorizationMiddleware+DefaultValue.swift */,
				968A7FF12529925C0033E412 /* DefaultURLRequestFactory+DefaultValue.swift */,
				968A7FEC2529923F0033E412 /* Endpoint+DefaultHeaders.swift */,
				962853D92529097A008E9A50 /* LocalizationMiddleware.swift */,
				962853D125290799008E9A50 /* Middleware+DefaultValue.swift */,
				962401B0252A1895009E92AD /* ResponseErrorMiddleware.swift */,
				9637C13E252A3D5300D94855 /* NumberFormatter+Decimal.swift */,
			);
			path = Extension;
			sourceTree = "<group>";
		};
		963CABE02527976F008E6D79 /* Generated */ = {
			isa = PBXGroup;
			children = (
				967AA3AB2528BF4000DEB8C1 /* Natrium.swift */,
				963CABE9252798A1008E6D79 /* IB-Scenes+Generated.swift */,
				963CABE8252798A1008E6D79 /* IB-Segues+Generated.swift */,
				963CABE7252798A1008E6D79 /* XCAssets+Generated.swift */,
			);
			path = Generated;
			sourceTree = "<group>";
		};
		963CAC4725279FD8008E6D79 /* Ultilities */ = {
			isa = PBXGroup;
			children = (
				960D8C962529DFF400AA50F8 /* Coordinator.swift */,
				960D8C702529C8C300AA50F8 /* ImageURLFactory.swift */,
				9678FAE925285DC400ADB3A5 /* StateMachine */,
				961510C8252A6E09009C2C11 /* WKWebViewController.swift */,
			);
			path = Ultilities;
			sourceTree = "<group>";
		};
		9678FADA2528584D00ADB3A5 /*  TestDouble */ = {
			isa = PBXGroup;
			children = (
				968A802A2529A0530033E412 /* SpyMiddleware.swift */,
				9637C171252A596300D94855 /* SpyMovieRepository.swift */,
				960D8C8E2529D56900AA50F8 /* SpyRemoteConfigRepository.swift */,
				969BC5D22528A04600736D0F /* SpyStateMachineViewProvider.swift */,
				968A80322529A0780033E412 /* SpyURLRequestFactory.swift */,
				968A80012529930B0033E412 /* StubEndpoint.swift */,
				9678FADB2528590400ADB3A5 /* StubError.swift */,
				968A80372529A3770033E412 /* URLSession+Stubbed.swift */,
				961510B5252A5FD9009C2C11 /* SpyMoviesListPresentable.swift */,
				96720588252B402700DB113E /* MockMovieDetailCoordinator.swift */,
			);
			path = " TestDouble";
			sourceTree = "<group>";
		};
		9678FAE925285DC400ADB3A5 /* StateMachine */ = {
			isa = PBXGroup;
			children = (
				968A805B2529B0EA0033E412 /* AnyStateMachine.swift */,
				963CAC522527A112008E6D79 /* Emptiable.swift */,
				963CAC4825279FE3008E6D79 /* Loadable.swift */,
				9678FAEB25285DE500ADB3A5 /* StatefulView.swift */,
				963CAC5A2527A177008E6D79 /* StateMachine.swift */,
				963CAC622527A242008E6D79 /* StateMachineViewProvider.swift */,
			);
			path = StateMachine;
			sourceTree = "<group>";
		};
		967AA3B32528D31B00DEB8C1 /* Repositories */ = {
			isa = PBXGroup;
			children = (
				967AA3B42528D32E00DEB8C1 /* MovieRepository.swift */,
				960D8C752529C99E00AA50F8 /* RemoteConfigRepository.swift */,
			);
			path = Repositories;
			sourceTree = "<group>";
		};
		967AA3D6252904F400DEB8C1 /* Models */ = {
			isa = PBXGroup;
			children = (
				967AA3BA2528D8BE00DEB8C1 /* Movie.swift */,
				968A802025299CD30033E412 /* PaginationResponse.swift */,
				960D8C7A2529C9FC00AA50F8 /* Configuration.swift */,
				960D8C7F2529CA4200AA50F8 /* Images.swift */,
				962401B5252A18A7009E92AD /* ResponseError.swift */,
			);
			path = Models;
			sourceTree = "<group>";
		};
		968A803C2529A3A30033E412 /* Ultilities */ = {
			isa = PBXGroup;
			children = (
				968A803D2529A3AD0033E412 /* StubbedURLProtocol.swift */,
			);
			path = Ultilities;
			sourceTree = "<group>";
		};
		968A80482529ABBF0033E412 /* MovieList */ = {
			isa = PBXGroup;
			children = (
				968A80492529AD550033E412 /* MoviesListViewController.swift */,
				968A80632529B4EB0033E412 /* MovieTableViewCell.swift */,
				968A80642529B4EB0033E412 /* MovieTableViewCell.xib */,
				96240197252A075B009E92AD /* MovieCoordinator.swift */,
				962401A8252A0D37009E92AD /* PopularMoviesListViewModel.swift */,
				9637C161252A57EC00D94855 /* MoviesListPresentable.swift */,
			);
			path = MovieList;
			sourceTree = "<group>";
		};
		969547F525278C1F009A67DE = {
			isa = PBXGroup;
			children = (
				9695483D25278D38009A67DE /* Movieable.xctestplan */,
				9695480025278C1F009A67DE /* Movieable */,
				9695481725278C20009A67DE /* MovieableTests */,
				9695482225278C20009A67DE /* MovieableUITests */,
				969547FF25278C1F009A67DE /* Products */,
			);
			sourceTree = "<group>";
		};
		969547FF25278C1F009A67DE /* Products */ = {
			isa = PBXGroup;
			children = (
				969547FE25278C1F009A67DE /* Movieable.app */,
				9695481425278C20009A67DE /* MovieableTests.xctest */,
				9695481F25278C20009A67DE /* MovieableUITests.xctest */,
			);
			name = Products;
			sourceTree = "<group>";
		};
		9695480025278C1F009A67DE /* Movieable */ = {
			isa = PBXGroup;
			children = (
				9695483425278C25009A67DE /* App */,
				962853D02529078B008E9A50 /* Extension */,
				963CABE02527976F008E6D79 /* Generated */,
				9695480F25278C20009A67DE /* Info.plist */,
				967AA3D6252904F400DEB8C1 /* Models */,
				967AA3B32528D31B00DEB8C1 /* Repositories */,
				9695483925278CA1009A67DE /* Resources */,
				9695483825278C2F009A67DE /* Scenes */,
				963CAC4725279FD8008E6D79 /* Ultilities */,
			);
			path = Movieable;
			sourceTree = "<group>";
		};
		9695481725278C20009A67DE /* MovieableTests */ = {
			isa = PBXGroup;
			children = (
				9678FADA2528584D00ADB3A5 /*  TestDouble */,
				9672057B252B3E4400DB113E /* DecimalNumberFormatterTests.swift */,
				968A801325299B5C0033E412 /* DefaultAuthorizationMiddlewareTests.swift */,
				96FA05C725298E1300C8D0A4 /* DefaultEndpointHeaderTests.swift */,
				960D8C892529D53800AA50F8 /* DefaultImageURLFactoryTests.swift */,
				968A801825299C4A0033E412 /* DefaultMiddlewaresTests.swift */,
				9672058D252B42A200DB113E /* DefaultMovieRepositoryEndpointTests.swift */,
				968A802525299F0B0033E412 /* DefaultMovieRepositoryTests.swift */,
				9672059A252B43D700DB113E /* DefaultRemoteConfigRepositoryAPIEndpointTests.swift */,
				96720595252B43BB00DB113E /* DefaultRemoteConfigRepositoryTests.swift */,
				968A80092529939C0033E412 /* DefaultURLRequestFactoryTests.swift */,
				9695481A25278C20009A67DE /* Info.plist */,
				9678FAD5252857C600ADB3A5 /* LoadableTests.swift */,
				968A800E252994F00033E412 /* LocalizationMiddlewareTests.swift */,
				9695481825278C20009A67DE /* MovieableTests.swift */,
				96720583252B3FF900DB113E /* MovieDetailCoordinatorTests.swift */,
				96720576252B3D4B00DB113E /* MovieTests.swift */,
				9637C16C252A592900D94855 /* PopularMoviesListViewModelTests.swift */,
				9637C139252A1E6C00D94855 /* ResponseErrorMiddlewareTests.swift */,
				9637C14B252A494F00D94855 /* ResponseErrorTests.swift */,
				96B6D6EB2528B170003CA4D7 /* StatefulViewTests.swift */,
				969BC5CD25289FFC00736D0F /* StateMachineTests.swift */,
				968A803C2529A3A30033E412 /* Ultilities */,
			);
			path = MovieableTests;
			sourceTree = "<group>";
		};
		9695482225278C20009A67DE /* MovieableUITests */ = {
			isa = PBXGroup;
			children = (
				9695482325278C20009A67DE /* MovieableUITests.swift */,
				9695482525278C20009A67DE /* Info.plist */,
			);
			path = MovieableUITests;
			sourceTree = "<group>";
		};
		9695483425278C25009A67DE /* App */ = {
			isa = PBXGroup;
			children = (
				9695480125278C1F009A67DE /* AppDelegate.swift */,
				9695480325278C1F009A67DE /* SceneDelegate.swift */,
				960D8C9B2529E03200AA50F8 /* AppCoordinator.swift */,
			);
			path = App;
			sourceTree = "<group>";
		};
		9695483825278C2F009A67DE /* Scenes */ = {
			isa = PBXGroup;
			children = (
				9624019C252A083A009E92AD /* MovieDetail */,
				968A80482529ABBF0033E412 /* MovieList */,
			);
			path = Scenes;
			sourceTree = "<group>";
		};
		9695483925278CA1009A67DE /* Resources */ = {
			isa = PBXGroup;
			children = (
				9695480725278C1F009A67DE /* Main.storyboard */,
				9695480C25278C20009A67DE /* LaunchScreen.storyboard */,
				9695480A25278C20009A67DE /* Assets.xcassets */,
			);
			path = Resources;
			sourceTree = "<group>";
		};
/* End PBXGroup section */

/* Begin PBXNativeTarget section */
		969547FD25278C1F009A67DE /* Movieable */ = {
			isa = PBXNativeTarget;
			buildConfigurationList = 9695482825278C20009A67DE /* Build configuration list for PBXNativeTarget "Movieable" */;
			buildPhases = (
				969547FA25278C1F009A67DE /* Sources */,
				969547FB25278C1F009A67DE /* Frameworks */,
				969547FC25278C1F009A67DE /* Resources */,
				963CABF3252798E7008E6D79 /* SwiftGen */,
				963CABF7252799A2008E6D79 /* SwiftLint */,
			);
			buildRules = (
			);
			dependencies = (
			);
			name = Movieable;
			packageProductDependencies = (
				962853CB2529076C008E9A50 /* Networking */,
				968A806B2529B6860033E412 /* Reusable */,
				960D8C6B2529C7BA00AA50F8 /* Kingfisher */,
			);
			productName = Movieable;
			productReference = 969547FE25278C1F009A67DE /* Movieable.app */;
			productType = "com.apple.product-type.application";
		};
		9695481325278C20009A67DE /* MovieableTests */ = {
			isa = PBXNativeTarget;
			buildConfigurationList = 9695482B25278C20009A67DE /* Build configuration list for PBXNativeTarget "MovieableTests" */;
			buildPhases = (
				9695481025278C20009A67DE /* Sources */,
				9695481125278C20009A67DE /* Frameworks */,
				9695481225278C20009A67DE /* Resources */,
			);
			buildRules = (
			);
			dependencies = (
				9695481625278C20009A67DE /* PBXTargetDependency */,
			);
			name = MovieableTests;
			productName = MovieableTests;
			productReference = 9695481425278C20009A67DE /* MovieableTests.xctest */;
			productType = "com.apple.product-type.bundle.unit-test";
		};
		9695481E25278C20009A67DE /* MovieableUITests */ = {
			isa = PBXNativeTarget;
			buildConfigurationList = 9695482E25278C20009A67DE /* Build configuration list for PBXNativeTarget "MovieableUITests" */;
			buildPhases = (
				9695481B25278C20009A67DE /* Sources */,
				9695481C25278C20009A67DE /* Frameworks */,
				9695481D25278C20009A67DE /* Resources */,
			);
			buildRules = (
			);
			dependencies = (
				9695482125278C20009A67DE /* PBXTargetDependency */,
			);
			name = MovieableUITests;
			productName = MovieableUITests;
			productReference = 9695481F25278C20009A67DE /* MovieableUITests.xctest */;
			productType = "com.apple.product-type.bundle.ui-testing";
		};
/* End PBXNativeTarget section */

/* Begin PBXProject section */
		969547F625278C1F009A67DE /* Project object */ = {
			isa = PBXProject;
			attributes = {
				LastSwiftUpdateCheck = 1200;
				LastUpgradeCheck = 1200;
				TargetAttributes = {
					969547FD25278C1F009A67DE = {
						CreatedOnToolsVersion = 12.0;
					};
					9695481325278C20009A67DE = {
						CreatedOnToolsVersion = 12.0;
						TestTargetID = 969547FD25278C1F009A67DE;
					};
					9695481E25278C20009A67DE = {
						CreatedOnToolsVersion = 12.0;
						TestTargetID = 969547FD25278C1F009A67DE;
					};
				};
			};
			buildConfigurationList = 969547F925278C1F009A67DE /* Build configuration list for PBXProject "Movieable" */;
			compatibilityVersion = "Xcode 9.3";
			developmentRegion = en;
			hasScannedForEncodings = 0;
			knownRegions = (
				en,
				Base,
			);
			mainGroup = 969547F525278C1F009A67DE;
			packageReferences = (
				962853CA2529076C008E9A50 /* XCRemoteSwiftPackageReference "Networking" */,
				968A806A2529B6860033E412 /* XCRemoteSwiftPackageReference "Reusable" */,
				960D8C6A2529C7BA00AA50F8 /* XCRemoteSwiftPackageReference "Kingfisher" */,
			);
			productRefGroup = 969547FF25278C1F009A67DE /* Products */;
			projectDirPath = "";
			projectRoot = "";
			targets = (
				969547FD25278C1F009A67DE /* Movieable */,
				9695481325278C20009A67DE /* MovieableTests */,
				9695481E25278C20009A67DE /* MovieableUITests */,
			);
		};
/* End PBXProject section */

/* Begin PBXResourcesBuildPhase section */
		969547FC25278C1F009A67DE /* Resources */ = {
			isa = PBXResourcesBuildPhase;
			buildActionMask = 2147483647;
			files = (
				961510BB252A6371009C2C11 /* MovieDetailViewController.xib in Resources */,
				9695480E25278C20009A67DE /* LaunchScreen.storyboard in Resources */,
				9695480B25278C20009A67DE /* Assets.xcassets in Resources */,
				968A80662529B4EB0033E412 /* MovieTableViewCell.xib in Resources */,
				9695480925278C1F009A67DE /* Main.storyboard in Resources */,
			);
			runOnlyForDeploymentPostprocessing = 0;
		};
		9695481225278C20009A67DE /* Resources */ = {
			isa = PBXResourcesBuildPhase;
			buildActionMask = 2147483647;
			files = (
			);
			runOnlyForDeploymentPostprocessing = 0;
		};
		9695481D25278C20009A67DE /* Resources */ = {
			isa = PBXResourcesBuildPhase;
			buildActionMask = 2147483647;
			files = (
			);
			runOnlyForDeploymentPostprocessing = 0;
		};
/* End PBXResourcesBuildPhase section */

/* Begin PBXShellScriptBuildPhase section */
		963CABF3252798E7008E6D79 /* SwiftGen */ = {
			isa = PBXShellScriptBuildPhase;
			buildActionMask = 2147483647;
			files = (
			);
			inputFileListPaths = (
			);
			inputPaths = (
			);
			name = SwiftGen;
			outputFileListPaths = (
			);
			outputPaths = (
			);
			runOnlyForDeploymentPostprocessing = 0;
			shellPath = /bin/sh;
			shellScript = "swiftgen\n";
		};
		963CABF7252799A2008E6D79 /* SwiftLint */ = {
			isa = PBXShellScriptBuildPhase;
			buildActionMask = 2147483647;
			files = (
			);
			inputFileListPaths = (
			);
			inputPaths = (
			);
			name = SwiftLint;
			outputFileListPaths = (
			);
			outputPaths = (
			);
			runOnlyForDeploymentPostprocessing = 0;
			shellPath = /bin/sh;
			shellScript = "if which swiftlint >/dev/null; then\n  swiftlint\nelse\n  echo \"warning: SwiftLint not installed, download from https://github.com/realm/SwiftLint\"\nfi\n";
		};
/* End PBXShellScriptBuildPhase section */

/* Begin PBXSourcesBuildPhase section */
		969547FA25278C1F009A67DE /* Sources */ = {
			isa = PBXSourcesBuildPhase;
			buildActionMask = 2147483647;
			files = (
				962401A3252A0912009E92AD /* DefaultMovieDetailViewModel.swift in Sources */,
				963CAC532527A112008E6D79 /* Emptiable.swift in Sources */,
				960D8C762529C99E00AA50F8 /* RemoteConfigRepository.swift in Sources */,
				962853D225290799008E9A50 /* Middleware+DefaultValue.swift in Sources */,
				963CABEB252798A1008E6D79 /* IB-Segues+Generated.swift in Sources */,
				962401B1252A1895009E92AD /* ResponseErrorMiddleware.swift in Sources */,
				960D8C802529CA4200AA50F8 /* Images.swift in Sources */,
				963CAC4925279FE3008E6D79 /* Loadable.swift in Sources */,
				9678FAEC25285DE500ADB3A5 /* StatefulView.swift in Sources */,
				968A802125299CD30033E412 /* PaginationResponse.swift in Sources */,
				960D8C9C2529E03200AA50F8 /* AppCoordinator.swift in Sources */,
				960D8C712529C8C300AA50F8 /* ImageURLFactory.swift in Sources */,
				96240198252A075B009E92AD /* MovieCoordinator.swift in Sources */,
				968A7FED2529923F0033E412 /* Endpoint+DefaultHeaders.swift in Sources */,
				962401A9252A0D37009E92AD /* PopularMoviesListViewModel.swift in Sources */,
				968A804B2529AD550033E412 /* MoviesListViewController.swift in Sources */,
				963CAC5B2527A177008E6D79 /* StateMachine.swift in Sources */,
				963CAC632527A242008E6D79 /* StateMachineViewProvider.swift in Sources */,
				9695480225278C1F009A67DE /* AppDelegate.swift in Sources */,
				967AA3AC2528BF4000DEB8C1 /* Natrium.swift in Sources */,
				967AA3BB2528D8BE00DEB8C1 /* Movie.swift in Sources */,
				9624019E252A087F009E92AD /* MovieDetailViewController.swift in Sources */,
				9637C162252A57EC00D94855 /* MoviesListPresentable.swift in Sources */,
				961510C3252A6DBF009C2C11 /* MovieDetailCoordinator.swift in Sources */,
				9637C13F252A3D5300D94855 /* NumberFormatter+Decimal.swift in Sources */,
				962853DA2529097A008E9A50 /* LocalizationMiddleware.swift in Sources */,
				967AA3B52528D32E00DEB8C1 /* MovieRepository.swift in Sources */,
				961510C9252A6E09009C2C11 /* WKWebViewController.swift in Sources */,
				968A7FF22529925C0033E412 /* DefaultURLRequestFactory+DefaultValue.swift in Sources */,
				960D8C972529DFF400AA50F8 /* Coordinator.swift in Sources */,
				962401B6252A18A7009E92AD /* ResponseError.swift in Sources */,
				9695480425278C1F009A67DE /* SceneDelegate.swift in Sources */,
				960D8C7B2529C9FC00AA50F8 /* Configuration.swift in Sources */,
				963CABEA252798A1008E6D79 /* XCAssets+Generated.swift in Sources */,
				963CABEC252798A1008E6D79 /* IB-Scenes+Generated.swift in Sources */,
				968A805C2529B0EA0033E412 /* AnyStateMachine.swift in Sources */,
				968A7FF72529928C0033E412 /* DefaultAuthorizationMiddleware+DefaultValue.swift in Sources */,
				968A80652529B4EB0033E412 /* MovieTableViewCell.swift in Sources */,
			);
			runOnlyForDeploymentPostprocessing = 0;
		};
		9695481025278C20009A67DE /* Sources */ = {
			isa = PBXSourcesBuildPhase;
			buildActionMask = 2147483647;
			files = (
				96720577252B3D4B00DB113E /* MovieTests.swift in Sources */,
				968A803E2529A3AD0033E412 /* StubbedURLProtocol.swift in Sources */,
				968A800F252994F00033E412 /* LocalizationMiddlewareTests.swift in Sources */,
				968A801925299C4A0033E412 /* DefaultMiddlewaresTests.swift in Sources */,
				96720589252B402700DB113E /* MockMovieDetailCoordinator.swift in Sources */,
				9637C13A252A1E6C00D94855 /* ResponseErrorMiddlewareTests.swift in Sources */,
				9695481925278C20009A67DE /* MovieableTests.swift in Sources */,
				96720596252B43BB00DB113E /* DefaultRemoteConfigRepositoryTests.swift in Sources */,
				969BC5D32528A04600736D0F /* SpyStateMachineViewProvider.swift in Sources */,
				9672058E252B42A200DB113E /* DefaultMovieRepositoryEndpointTests.swift in Sources */,
				9678FAD6252857C600ADB3A5 /* LoadableTests.swift in Sources */,
				96720584252B3FF900DB113E /* MovieDetailCoordinatorTests.swift in Sources */,
				9637C172252A596300D94855 /* SpyMovieRepository.swift in Sources */,
				9678FADC2528590400ADB3A5 /* StubError.swift in Sources */,
				961510B6252A5FD9009C2C11 /* SpyMoviesListPresentable.swift in Sources */,
				968A802625299F0B0033E412 /* DefaultMovieRepositoryTests.swift in Sources */,
				9672059B252B43D700DB113E /* DefaultRemoteConfigRepositoryAPIEndpointTests.swift in Sources */,
				960D8C8A2529D53800AA50F8 /* DefaultImageURLFactoryTests.swift in Sources */,
				968A80022529930B0033E412 /* StubEndpoint.swift in Sources */,
				96FA05C825298E1300C8D0A4 /* DefaultEndpointHeaderTests.swift in Sources */,
				9672057C252B3E4400DB113E /* DecimalNumberFormatterTests.swift in Sources */,
				9637C14C252A494F00D94855 /* ResponseErrorTests.swift in Sources */,
				96B6D6EC2528B170003CA4D7 /* StatefulViewTests.swift in Sources */,
				968A802B2529A0530033E412 /* SpyMiddleware.swift in Sources */,
				9637C16D252A592900D94855 /* PopularMoviesListViewModelTests.swift in Sources */,
				960D8C8F2529D56900AA50F8 /* SpyRemoteConfigRepository.swift in Sources */,
				968A80332529A0780033E412 /* SpyURLRequestFactory.swift in Sources */,
				969BC5CE25289FFC00736D0F /* StateMachineTests.swift in Sources */,
				968A801425299B5C0033E412 /* DefaultAuthorizationMiddlewareTests.swift in Sources */,
				968A80382529A3770033E412 /* URLSession+Stubbed.swift in Sources */,
				968A800A2529939C0033E412 /* DefaultURLRequestFactoryTests.swift in Sources */,
			);
			runOnlyForDeploymentPostprocessing = 0;
		};
		9695481B25278C20009A67DE /* Sources */ = {
			isa = PBXSourcesBuildPhase;
			buildActionMask = 2147483647;
			files = (
				9695482425278C20009A67DE /* MovieableUITests.swift in Sources */,
			);
			runOnlyForDeploymentPostprocessing = 0;
		};
/* End PBXSourcesBuildPhase section */

/* Begin PBXTargetDependency section */
		9695481625278C20009A67DE /* PBXTargetDependency */ = {
			isa = PBXTargetDependency;
			target = 969547FD25278C1F009A67DE /* Movieable */;
			targetProxy = 9695481525278C20009A67DE /* PBXContainerItemProxy */;
		};
		9695482125278C20009A67DE /* PBXTargetDependency */ = {
			isa = PBXTargetDependency;
			target = 969547FD25278C1F009A67DE /* Movieable */;
			targetProxy = 9695482025278C20009A67DE /* PBXContainerItemProxy */;
		};
/* End PBXTargetDependency section */

/* Begin PBXVariantGroup section */
		9695480725278C1F009A67DE /* Main.storyboard */ = {
			isa = PBXVariantGroup;
			children = (
				9695480825278C1F009A67DE /* Base */,
			);
			name = Main.storyboard;
			sourceTree = "<group>";
		};
		9695480C25278C20009A67DE /* LaunchScreen.storyboard */ = {
			isa = PBXVariantGroup;
			children = (
				9695480D25278C20009A67DE /* Base */,
			);
			name = LaunchScreen.storyboard;
			sourceTree = "<group>";
		};
/* End PBXVariantGroup section */

/* Begin XCBuildConfiguration section */
		9695482625278C20009A67DE /* Debug */ = {
			isa = XCBuildConfiguration;
			buildSettings = {
				ALWAYS_SEARCH_USER_PATHS = NO;
				CLANG_ANALYZER_NONNULL = YES;
				CLANG_ANALYZER_NUMBER_OBJECT_CONVERSION = YES_AGGRESSIVE;
				CLANG_CXX_LANGUAGE_STANDARD = "gnu++14";
				CLANG_CXX_LIBRARY = "libc++";
				CLANG_ENABLE_MODULES = YES;
				CLANG_ENABLE_OBJC_ARC = YES;
				CLANG_ENABLE_OBJC_WEAK = YES;
				CLANG_WARN_BLOCK_CAPTURE_AUTORELEASING = YES;
				CLANG_WARN_BOOL_CONVERSION = YES;
				CLANG_WARN_COMMA = YES;
				CLANG_WARN_CONSTANT_CONVERSION = YES;
				CLANG_WARN_DEPRECATED_OBJC_IMPLEMENTATIONS = YES;
				CLANG_WARN_DIRECT_OBJC_ISA_USAGE = YES_ERROR;
				CLANG_WARN_DOCUMENTATION_COMMENTS = YES;
				CLANG_WARN_EMPTY_BODY = YES;
				CLANG_WARN_ENUM_CONVERSION = YES;
				CLANG_WARN_INFINITE_RECURSION = YES;
				CLANG_WARN_INT_CONVERSION = YES;
				CLANG_WARN_NON_LITERAL_NULL_CONVERSION = YES;
				CLANG_WARN_OBJC_IMPLICIT_RETAIN_SELF = YES;
				CLANG_WARN_OBJC_LITERAL_CONVERSION = YES;
				CLANG_WARN_OBJC_ROOT_CLASS = YES_ERROR;
				CLANG_WARN_QUOTED_INCLUDE_IN_FRAMEWORK_HEADER = YES;
				CLANG_WARN_RANGE_LOOP_ANALYSIS = YES;
				CLANG_WARN_STRICT_PROTOTYPES = YES;
				CLANG_WARN_SUSPICIOUS_MOVE = YES;
				CLANG_WARN_UNGUARDED_AVAILABILITY = YES_AGGRESSIVE;
				CLANG_WARN_UNREACHABLE_CODE = YES;
				CLANG_WARN__DUPLICATE_METHOD_MATCH = YES;
				COPY_PHASE_STRIP = NO;
				DEBUG_INFORMATION_FORMAT = dwarf;
				ENABLE_STRICT_OBJC_MSGSEND = YES;
				ENABLE_TESTABILITY = YES;
				GCC_C_LANGUAGE_STANDARD = gnu11;
				GCC_DYNAMIC_NO_PIC = NO;
				GCC_NO_COMMON_BLOCKS = YES;
				GCC_OPTIMIZATION_LEVEL = 0;
				GCC_PREPROCESSOR_DEFINITIONS = (
					"DEBUG=1",
					"$(inherited)",
				);
				GCC_WARN_64_TO_32_BIT_CONVERSION = YES;
				GCC_WARN_ABOUT_RETURN_TYPE = YES_ERROR;
				GCC_WARN_UNDECLARED_SELECTOR = YES;
				GCC_WARN_UNINITIALIZED_AUTOS = YES_AGGRESSIVE;
				GCC_WARN_UNUSED_FUNCTION = YES;
				GCC_WARN_UNUSED_VARIABLE = YES;
				IPHONEOS_DEPLOYMENT_TARGET = 14.0;
				MTL_ENABLE_DEBUG_INFO = INCLUDE_SOURCE;
				MTL_FAST_MATH = YES;
				ONLY_ACTIVE_ARCH = YES;
				SDKROOT = iphoneos;
				SWIFT_ACTIVE_COMPILATION_CONDITIONS = DEBUG;
				SWIFT_OPTIMIZATION_LEVEL = "-Onone";
			};
			name = Debug;
		};
		9695482725278C20009A67DE /* Release */ = {
			isa = XCBuildConfiguration;
			buildSettings = {
				ALWAYS_SEARCH_USER_PATHS = NO;
				CLANG_ANALYZER_NONNULL = YES;
				CLANG_ANALYZER_NUMBER_OBJECT_CONVERSION = YES_AGGRESSIVE;
				CLANG_CXX_LANGUAGE_STANDARD = "gnu++14";
				CLANG_CXX_LIBRARY = "libc++";
				CLANG_ENABLE_MODULES = YES;
				CLANG_ENABLE_OBJC_ARC = YES;
				CLANG_ENABLE_OBJC_WEAK = YES;
				CLANG_WARN_BLOCK_CAPTURE_AUTORELEASING = YES;
				CLANG_WARN_BOOL_CONVERSION = YES;
				CLANG_WARN_COMMA = YES;
				CLANG_WARN_CONSTANT_CONVERSION = YES;
				CLANG_WARN_DEPRECATED_OBJC_IMPLEMENTATIONS = YES;
				CLANG_WARN_DIRECT_OBJC_ISA_USAGE = YES_ERROR;
				CLANG_WARN_DOCUMENTATION_COMMENTS = YES;
				CLANG_WARN_EMPTY_BODY = YES;
				CLANG_WARN_ENUM_CONVERSION = YES;
				CLANG_WARN_INFINITE_RECURSION = YES;
				CLANG_WARN_INT_CONVERSION = YES;
				CLANG_WARN_NON_LITERAL_NULL_CONVERSION = YES;
				CLANG_WARN_OBJC_IMPLICIT_RETAIN_SELF = YES;
				CLANG_WARN_OBJC_LITERAL_CONVERSION = YES;
				CLANG_WARN_OBJC_ROOT_CLASS = YES_ERROR;
				CLANG_WARN_QUOTED_INCLUDE_IN_FRAMEWORK_HEADER = YES;
				CLANG_WARN_RANGE_LOOP_ANALYSIS = YES;
				CLANG_WARN_STRICT_PROTOTYPES = YES;
				CLANG_WARN_SUSPICIOUS_MOVE = YES;
				CLANG_WARN_UNGUARDED_AVAILABILITY = YES_AGGRESSIVE;
				CLANG_WARN_UNREACHABLE_CODE = YES;
				CLANG_WARN__DUPLICATE_METHOD_MATCH = YES;
				COPY_PHASE_STRIP = NO;
				DEBUG_INFORMATION_FORMAT = "dwarf-with-dsym";
				ENABLE_NS_ASSERTIONS = NO;
				ENABLE_STRICT_OBJC_MSGSEND = YES;
				GCC_C_LANGUAGE_STANDARD = gnu11;
				GCC_NO_COMMON_BLOCKS = YES;
				GCC_WARN_64_TO_32_BIT_CONVERSION = YES;
				GCC_WARN_ABOUT_RETURN_TYPE = YES_ERROR;
				GCC_WARN_UNDECLARED_SELECTOR = YES;
				GCC_WARN_UNINITIALIZED_AUTOS = YES_AGGRESSIVE;
				GCC_WARN_UNUSED_FUNCTION = YES;
				GCC_WARN_UNUSED_VARIABLE = YES;
				IPHONEOS_DEPLOYMENT_TARGET = 14.0;
				MTL_ENABLE_DEBUG_INFO = NO;
				MTL_FAST_MATH = YES;
				SDKROOT = iphoneos;
				SWIFT_COMPILATION_MODE = wholemodule;
				SWIFT_OPTIMIZATION_LEVEL = "-O";
				VALIDATE_PRODUCT = YES;
			};
			name = Release;
		};
		9695482925278C20009A67DE /* Debug */ = {
			isa = XCBuildConfiguration;
			buildSettings = {
				ASSETCATALOG_COMPILER_APPICON_NAME = AppIcon;
				ASSETCATALOG_COMPILER_GLOBAL_ACCENT_COLOR_NAME = AccentColor;
				CODE_SIGN_STYLE = Automatic;
				DEVELOPMENT_TEAM = SL5372659R;
				INFOPLIST_FILE = Movieable/Info.plist;
				LD_RUNPATH_SEARCH_PATHS = (
					"$(inherited)",
					"@executable_path/Frameworks",
				);
				PRODUCT_BUNDLE_IDENTIFIER = dev.duytph.Movieable;
				PRODUCT_NAME = "$(TARGET_NAME)";
				SWIFT_VERSION = 5.0;
				TARGETED_DEVICE_FAMILY = "1,2";
			};
			name = Debug;
		};
		9695482A25278C20009A67DE /* Release */ = {
			isa = XCBuildConfiguration;
			buildSettings = {
				ASSETCATALOG_COMPILER_APPICON_NAME = AppIcon;
				ASSETCATALOG_COMPILER_GLOBAL_ACCENT_COLOR_NAME = AccentColor;
				CODE_SIGN_STYLE = Automatic;
				DEVELOPMENT_TEAM = SL5372659R;
				INFOPLIST_FILE = Movieable/Info.plist;
				LD_RUNPATH_SEARCH_PATHS = (
					"$(inherited)",
					"@executable_path/Frameworks",
				);
				PRODUCT_BUNDLE_IDENTIFIER = dev.duytph.Movieable;
				PRODUCT_NAME = "$(TARGET_NAME)";
				SWIFT_VERSION = 5.0;
				TARGETED_DEVICE_FAMILY = "1,2";
			};
			name = Release;
		};
		9695482C25278C20009A67DE /* Debug */ = {
			isa = XCBuildConfiguration;
			buildSettings = {
				ALWAYS_EMBED_SWIFT_STANDARD_LIBRARIES = YES;
				BUNDLE_LOADER = "$(TEST_HOST)";
				CODE_SIGN_STYLE = Automatic;
				DEVELOPMENT_TEAM = SL5372659R;
				INFOPLIST_FILE = MovieableTests/Info.plist;
				IPHONEOS_DEPLOYMENT_TARGET = 14.0;
				LD_RUNPATH_SEARCH_PATHS = (
					"$(inherited)",
					"@executable_path/Frameworks",
					"@loader_path/Frameworks",
				);
				PRODUCT_BUNDLE_IDENTIFIER = dev.duytph.MovieableTests;
				PRODUCT_NAME = "$(TARGET_NAME)";
				SWIFT_VERSION = 5.0;
				TARGETED_DEVICE_FAMILY = "1,2";
				TEST_HOST = "$(BUILT_PRODUCTS_DIR)/Movieable.app/Movieable";
			};
			name = Debug;
		};
		9695482D25278C20009A67DE /* Release */ = {
			isa = XCBuildConfiguration;
			buildSettings = {
				ALWAYS_EMBED_SWIFT_STANDARD_LIBRARIES = YES;
				BUNDLE_LOADER = "$(TEST_HOST)";
				CODE_SIGN_STYLE = Automatic;
				DEVELOPMENT_TEAM = SL5372659R;
				INFOPLIST_FILE = MovieableTests/Info.plist;
				IPHONEOS_DEPLOYMENT_TARGET = 14.0;
				LD_RUNPATH_SEARCH_PATHS = (
					"$(inherited)",
					"@executable_path/Frameworks",
					"@loader_path/Frameworks",
				);
				PRODUCT_BUNDLE_IDENTIFIER = dev.duytph.MovieableTests;
				PRODUCT_NAME = "$(TARGET_NAME)";
				SWIFT_VERSION = 5.0;
				TARGETED_DEVICE_FAMILY = "1,2";
				TEST_HOST = "$(BUILT_PRODUCTS_DIR)/Movieable.app/Movieable";
			};
			name = Release;
		};
		9695482F25278C20009A67DE /* Debug */ = {
			isa = XCBuildConfiguration;
			buildSettings = {
				ALWAYS_EMBED_SWIFT_STANDARD_LIBRARIES = YES;
				CODE_SIGN_STYLE = Automatic;
				DEVELOPMENT_TEAM = SL5372659R;
				INFOPLIST_FILE = MovieableUITests/Info.plist;
				LD_RUNPATH_SEARCH_PATHS = (
					"$(inherited)",
					"@executable_path/Frameworks",
					"@loader_path/Frameworks",
				);
				PRODUCT_BUNDLE_IDENTIFIER = dev.duytph.MovieableUITests;
				PRODUCT_NAME = "$(TARGET_NAME)";
				SWIFT_VERSION = 5.0;
				TARGETED_DEVICE_FAMILY = "1,2";
				TEST_TARGET_NAME = Movieable;
			};
			name = Debug;
		};
		9695483025278C20009A67DE /* Release */ = {
			isa = XCBuildConfiguration;
			buildSettings = {
				ALWAYS_EMBED_SWIFT_STANDARD_LIBRARIES = YES;
				CODE_SIGN_STYLE = Automatic;
				DEVELOPMENT_TEAM = SL5372659R;
				INFOPLIST_FILE = MovieableUITests/Info.plist;
				LD_RUNPATH_SEARCH_PATHS = (
					"$(inherited)",
					"@executable_path/Frameworks",
					"@loader_path/Frameworks",
				);
				PRODUCT_BUNDLE_IDENTIFIER = dev.duytph.MovieableUITests;
				PRODUCT_NAME = "$(TARGET_NAME)";
				SWIFT_VERSION = 5.0;
				TARGETED_DEVICE_FAMILY = "1,2";
				TEST_TARGET_NAME = Movieable;
			};
			name = Release;
		};
/* End XCBuildConfiguration section */

/* Begin XCConfigurationList section */
		969547F925278C1F009A67DE /* Build configuration list for PBXProject "Movieable" */ = {
			isa = XCConfigurationList;
			buildConfigurations = (
				9695482625278C20009A67DE /* Debug */,
				9695482725278C20009A67DE /* Release */,
			);
			defaultConfigurationIsVisible = 0;
			defaultConfigurationName = Release;
		};
		9695482825278C20009A67DE /* Build configuration list for PBXNativeTarget "Movieable" */ = {
			isa = XCConfigurationList;
			buildConfigurations = (
				9695482925278C20009A67DE /* Debug */,
				9695482A25278C20009A67DE /* Release */,
			);
			defaultConfigurationIsVisible = 0;
			defaultConfigurationName = Release;
		};
		9695482B25278C20009A67DE /* Build configuration list for PBXNativeTarget "MovieableTests" */ = {
			isa = XCConfigurationList;
			buildConfigurations = (
				9695482C25278C20009A67DE /* Debug */,
				9695482D25278C20009A67DE /* Release */,
			);
			defaultConfigurationIsVisible = 0;
			defaultConfigurationName = Release;
		};
		9695482E25278C20009A67DE /* Build configuration list for PBXNativeTarget "MovieableUITests" */ = {
			isa = XCConfigurationList;
			buildConfigurations = (
				9695482F25278C20009A67DE /* Debug */,
				9695483025278C20009A67DE /* Release */,
			);
			defaultConfigurationIsVisible = 0;
			defaultConfigurationName = Release;
		};
/* End XCConfigurationList section */

/* Begin XCRemoteSwiftPackageReference section */
		960D8C6A2529C7BA00AA50F8 /* XCRemoteSwiftPackageReference "Kingfisher" */ = {
			isa = XCRemoteSwiftPackageReference;
			repositoryURL = "https://github.com/onevcat/Kingfisher";
			requirement = {
				kind = upToNextMajorVersion;
				minimumVersion = 5.15.5;
			};
		};
		962853CA2529076C008E9A50 /* XCRemoteSwiftPackageReference "Networking" */ = {
			isa = XCRemoteSwiftPackageReference;
			repositoryURL = "https://github.com/duytph/Networking.git";
			requirement = {
				kind = upToNextMajorVersion;
				minimumVersion = 0.0.14;
			};
		};
		968A806A2529B6860033E412 /* XCRemoteSwiftPackageReference "Reusable" */ = {
			isa = XCRemoteSwiftPackageReference;
			repositoryURL = "https://github.com/AliSoftware/Reusable.git";
			requirement = {
				kind = upToNextMajorVersion;
				minimumVersion = 4.1.1;
			};
		};
/* End XCRemoteSwiftPackageReference section */

/* Begin XCSwiftPackageProductDependency section */
		960D8C6B2529C7BA00AA50F8 /* Kingfisher */ = {
			isa = XCSwiftPackageProductDependency;
			package = 960D8C6A2529C7BA00AA50F8 /* XCRemoteSwiftPackageReference "Kingfisher" */;
			productName = Kingfisher;
		};
		962853CB2529076C008E9A50 /* Networking */ = {
			isa = XCSwiftPackageProductDependency;
			package = 962853CA2529076C008E9A50 /* XCRemoteSwiftPackageReference "Networking" */;
			productName = Networking;
		};
		968A806B2529B6860033E412 /* Reusable */ = {
			isa = XCSwiftPackageProductDependency;
			package = 968A806A2529B6860033E412 /* XCRemoteSwiftPackageReference "Reusable" */;
			productName = Reusable;
		};
/* End XCSwiftPackageProductDependency section */
	};
	rootObject = 969547F625278C1F009A67DE /* Project object */;
}
